dependencies:
  espressif/esp-dsp:
    component_hash: 
      c1832a2020342144d0de7940f73184584f182b3e9aa53180ee86c84ce7ff14dc
    dependencies:
    - name: idf
      require: private
      version: '>=4.2'
    source:
      registry_url: https://components.espressif.com/
      type: service
    version: 1.8.1
  idf:
    source:
      type: idf
    version: 5.5.2
direct_dependencies:
- espressif/esp-dsp
- idf
manifest_hash: 0fa9f697a41008be4b1f6067209130f57e24ea8ca1943b3b6ede5ca73f8f8860
target: esp32s3
version: 2.0.0
